
Microsoft Visual Studio Solution File, Format Version 12.00
# Visual Studio Version 17
VisualStudioVersion = 17.8.34601.278
MinimumVisualStudioVersion = 10.0.40219.1
Project("{2150E333-8FDC-42A3-9474-1A3956D46DE8}") = "Builder", "Builder", "{E505BBF7-5D68-4B37-82BA-E65C507B1C4A}"
EndProject
Project("{9A19103F-16F7-4668-BE54-9A1E7A4F7556}") = "Builder", "Builder\Builder.csproj", "{AED1D8B0-71CE-4CF6-9C0D-FB8AFFA0CA4F}"
EndProject
Project("{9A19103F-16F7-4668-BE54-9A1E7A4F7556}") = "CompositBuilder", "CompositBuilder\CompositBuilder.csproj", "{9A0C3DBF-BF13-4613-A247-D29737EA5669}"
EndProject
Project("{2150E333-8FDC-42A3-9474-1A3956D46DE8}") = "MetanitOOP", "MetanitOOP", "{A27F5A81-B0AA-4B9B-92BB-5B864DD23D39}"
EndProject
Project("{9A19103F-16F7-4668-BE54-9A1E7A4F7556}") = "Inherite", "Inherite\Inherite.csproj", "{E19F7F13-6AFF-4DE5-AD5D-BAAA2165732B}"
EndProject
Project("{9A19103F-16F7-4668-BE54-9A1E7A4F7556}") = "ClassBuilder", "ClassBuilder\ClassBuilder.csproj", "{B87A3CDE-3A39-42F6-A5EB-D1CC91211F0F}"
EndProject
Project("{FAE04EC0-301F-11D3-BF4B-00C04F79EFBC}") = "UpCasting", "UpCasting\UpCasting.csproj", "{0D282D5C-632F-4E87-A038-0E95DDD2376F}"
EndProject
Global
	GlobalSection(SolutionConfigurationPlatforms) = preSolution
		Debug|Any CPU = Debug|Any CPU
		Release|Any CPU = Release|Any CPU
	EndGlobalSection
	GlobalSection(ProjectConfigurationPlatforms) = postSolution
		{AED1D8B0-71CE-4CF6-9C0D-FB8AFFA0CA4F}.Debug|Any CPU.ActiveCfg = Debug|Any CPU
		{AED1D8B0-71CE-4CF6-9C0D-FB8AFFA0CA4F}.Debug|Any CPU.Build.0 = Debug|Any CPU
		{AED1D8B0-71CE-4CF6-9C0D-FB8AFFA0CA4F}.Release|Any CPU.ActiveCfg = Release|Any CPU
		{AED1D8B0-71CE-4CF6-9C0D-FB8AFFA0CA4F}.Release|Any CPU.Build.0 = Release|Any CPU
		{9A0C3DBF-BF13-4613-A247-D29737EA5669}.Debug|Any CPU.ActiveCfg = Debug|Any CPU
		{9A0C3DBF-BF13-4613-A247-D29737EA5669}.Debug|Any CPU.Build.0 = Debug|Any CPU
		{9A0C3DBF-BF13-4613-A247-D29737EA5669}.Release|Any CPU.ActiveCfg = Release|Any CPU
		{9A0C3DBF-BF13-4613-A247-D29737EA5669}.Release|Any CPU.Build.0 = Release|Any CPU
		{E19F7F13-6AFF-4DE5-AD5D-BAAA2165732B}.Debug|Any CPU.ActiveCfg = Debug|Any CPU
		{E19F7F13-6AFF-4DE5-AD5D-BAAA2165732B}.Debug|Any CPU.Build.0 = Debug|Any CPU
		{E19F7F13-6AFF-4DE5-AD5D-BAAA2165732B}.Release|Any CPU.ActiveCfg = Release|Any CPU
		{E19F7F13-6AFF-4DE5-AD5D-BAAA2165732B}.Release|Any CPU.Build.0 = Release|Any CPU
		{B87A3CDE-3A39-42F6-A5EB-D1CC91211F0F}.Debug|Any CPU.ActiveCfg = Debug|Any CPU
		{B87A3CDE-3A39-42F6-A5EB-D1CC91211F0F}.Debug|Any CPU.Build.0 = Debug|Any CPU
		{B87A3CDE-3A39-42F6-A5EB-D1CC91211F0F}.Release|Any CPU.ActiveCfg = Release|Any CPU
		{B87A3CDE-3A39-42F6-A5EB-D1CC91211F0F}.Release|Any CPU.Build.0 = Release|Any CPU
		{0D282D5C-632F-4E87-A038-0E95DDD2376F}.Debug|Any CPU.ActiveCfg = Debug|Any CPU
		{0D282D5C-632F-4E87-A038-0E95DDD2376F}.Debug|Any CPU.Build.0 = Debug|Any CPU
		{0D282D5C-632F-4E87-A038-0E95DDD2376F}.Release|Any CPU.ActiveCfg = Release|Any CPU
		{0D282D5C-632F-4E87-A038-0E95DDD2376F}.Release|Any CPU.Build.0 = Release|Any CPU
	EndGlobalSection
	GlobalSection(SolutionProperties) = preSolution
		HideSolutionNode = FALSE
	EndGlobalSection
	GlobalSection(NestedProjects) = preSolution
		{AED1D8B0-71CE-4CF6-9C0D-FB8AFFA0CA4F} = {E505BBF7-5D68-4B37-82BA-E65C507B1C4A}
		{9A0C3DBF-BF13-4613-A247-D29737EA5669} = {E505BBF7-5D68-4B37-82BA-E65C507B1C4A}
		{E19F7F13-6AFF-4DE5-AD5D-BAAA2165732B} = {A27F5A81-B0AA-4B9B-92BB-5B864DD23D39}
		{B87A3CDE-3A39-42F6-A5EB-D1CC91211F0F} = {E505BBF7-5D68-4B37-82BA-E65C507B1C4A}
		{0D282D5C-632F-4E87-A038-0E95DDD2376F} = {A27F5A81-B0AA-4B9B-92BB-5B864DD23D39}
	EndGlobalSection
	GlobalSection(ExtensibilityGlobals) = postSolution
		SolutionGuid = {4B8AD0C2-466D-489E-B824-448C30888D9D}
	EndGlobalSection
EndGlobal
