
Microsoft Visual Studio Solution File, Format Version 12.00
# Visual Studio Version 17
VisualStudioVersion = 17.8.34601.278
MinimumVisualStudioVersion = 10.0.40219.1
Project("{2150E333-8FDC-42A3-9474-1A3956D46DE8}") = "Builder", "Builder", "{E505BBF7-5D68-4B37-82BA-E65C507B1C4A}"
EndProject
Project("{9A19103F-16F7-4668-BE54-9A1E7A4F7556}") = "Builder", "Builder\Builder.csproj", "{AED1D8B0-71CE-4CF6-9C0D-FB8AFFA0CA4F}"
EndProject
Project("{2150E333-8FDC-42A3-9474-1A3956D46DE8}") = "MetanitOOP", "MetanitOOP", "{A27F5A81-B0AA-4B9B-92BB-5B864DD23D39}"
EndProject
Project("{9A19103F-16F7-4668-BE54-9A1E7A4F7556}") = "Inherite", "Inherite\Inherite.csproj", "{E19F7F13-6AFF-4DE5-AD5D-BAAA2165732B}"
EndProject
Project("{9A19103F-16F7-4668-BE54-9A1E7A4F7556}") = "ClassBuilder", "ClassBuilder\ClassBuilder.csproj", "{B87A3CDE-3A39-42F6-A5EB-D1CC91211F0F}"
EndProject
Project("{9A19103F-16F7-4668-BE54-9A1E7A4F7556}") = "UpCasting", "UpCasting\UpCasting.csproj", "{0D282D5C-632F-4E87-A038-0E95DDD2376F}"
EndProject
Project("{9A19103F-16F7-4668-BE54-9A1E7A4F7556}") = "MultifacetedBuilder", "MultifacetedBuilder\MultifacetedBuilder.csproj", "{13D1C512-5935-47C3-BE4D-F8CC8AABC3BE}"
EndProject
Project("{9A19103F-16F7-4668-BE54-9A1E7A4F7556}") = "InheriteBuilderWithGeneric", "InheriteBuilderWithGeneric\InheriteBuilderWithGeneric.csproj", "{8E6C7017-C9CC-4751-8989-E9D5C9F45DDB}"
EndProject
Project("{2150E333-8FDC-42A3-9474-1A3956D46DE8}") = "Custom", "Custom", "{79AA7DDF-7B2A-4BC3-BFA1-D5EE50DA62DD}"
EndProject
Project("{9A19103F-16F7-4668-BE54-9A1E7A4F7556}") = "BookBuilderFluent", "BookBuilderFluent\BookBuilderFluent.csproj", "{C5E84C80-2B65-47CA-9710-F69EDA1CFC03}"
EndProject
Project("{9A19103F-16F7-4668-BE54-9A1E7A4F7556}") = "MultipleBuilders", "MultipleBuilders\MultipleBuilders.csproj", "{C4725CE6-B7B7-47B6-A44B-D234686FBEFB}"
EndProject
Project("{2150E333-8FDC-42A3-9474-1A3956D46DE8}") = "Factory", "Factory", "{ACC73F74-0446-4A11-AAA6-0B8EFA5ADFB7}"
EndProject
Project("{9A19103F-16F7-4668-BE54-9A1E7A4F7556}") = "SimpleFactory", "SimpleFactory\SimpleFactory.csproj", "{CE3EBD8D-51EB-4AC3-98F9-C8FAE7976250}"
EndProject
Project("{FAE04EC0-301F-11D3-BF4B-00C04F79EFBC}") = "ClassicBuilder", "ClassicBuilder\ClassicBuilder.csproj", "{C8700187-9B86-4342-AEF5-F2522D2FDF38}"
EndProject
Project("{FAE04EC0-301F-11D3-BF4B-00C04F79EFBC}") = "ClassicFactory", "ClassicFactory\ClassicFactory.csproj", "{507F96BB-94A1-4BAC-9F21-C6D961E89C61}"
EndProject
Global
	GlobalSection(SolutionConfigurationPlatforms) = preSolution
		Debug|Any CPU = Debug|Any CPU
		Release|Any CPU = Release|Any CPU
	EndGlobalSection
	GlobalSection(ProjectConfigurationPlatforms) = postSolution
		{AED1D8B0-71CE-4CF6-9C0D-FB8AFFA0CA4F}.Debug|Any CPU.ActiveCfg = Debug|Any CPU
		{AED1D8B0-71CE-4CF6-9C0D-FB8AFFA0CA4F}.Debug|Any CPU.Build.0 = Debug|Any CPU
		{AED1D8B0-71CE-4CF6-9C0D-FB8AFFA0CA4F}.Release|Any CPU.ActiveCfg = Release|Any CPU
		{AED1D8B0-71CE-4CF6-9C0D-FB8AFFA0CA4F}.Release|Any CPU.Build.0 = Release|Any CPU
		{E19F7F13-6AFF-4DE5-AD5D-BAAA2165732B}.Debug|Any CPU.ActiveCfg = Debug|Any CPU
		{E19F7F13-6AFF-4DE5-AD5D-BAAA2165732B}.Debug|Any CPU.Build.0 = Debug|Any CPU
		{E19F7F13-6AFF-4DE5-AD5D-BAAA2165732B}.Release|Any CPU.ActiveCfg = Release|Any CPU
		{E19F7F13-6AFF-4DE5-AD5D-BAAA2165732B}.Release|Any CPU.Build.0 = Release|Any CPU
		{B87A3CDE-3A39-42F6-A5EB-D1CC91211F0F}.Debug|Any CPU.ActiveCfg = Debug|Any CPU
		{B87A3CDE-3A39-42F6-A5EB-D1CC91211F0F}.Debug|Any CPU.Build.0 = Debug|Any CPU
		{B87A3CDE-3A39-42F6-A5EB-D1CC91211F0F}.Release|Any CPU.ActiveCfg = Release|Any CPU
		{B87A3CDE-3A39-42F6-A5EB-D1CC91211F0F}.Release|Any CPU.Build.0 = Release|Any CPU
		{0D282D5C-632F-4E87-A038-0E95DDD2376F}.Debug|Any CPU.ActiveCfg = Debug|Any CPU
		{0D282D5C-632F-4E87-A038-0E95DDD2376F}.Debug|Any CPU.Build.0 = Debug|Any CPU
		{0D282D5C-632F-4E87-A038-0E95DDD2376F}.Release|Any CPU.ActiveCfg = Release|Any CPU
		{0D282D5C-632F-4E87-A038-0E95DDD2376F}.Release|Any CPU.Build.0 = Release|Any CPU
		{13D1C512-5935-47C3-BE4D-F8CC8AABC3BE}.Debug|Any CPU.ActiveCfg = Debug|Any CPU
		{13D1C512-5935-47C3-BE4D-F8CC8AABC3BE}.Debug|Any CPU.Build.0 = Debug|Any CPU
		{13D1C512-5935-47C3-BE4D-F8CC8AABC3BE}.Release|Any CPU.ActiveCfg = Release|Any CPU
		{13D1C512-5935-47C3-BE4D-F8CC8AABC3BE}.Release|Any CPU.Build.0 = Release|Any CPU
		{8E6C7017-C9CC-4751-8989-E9D5C9F45DDB}.Debug|Any CPU.ActiveCfg = Debug|Any CPU
		{8E6C7017-C9CC-4751-8989-E9D5C9F45DDB}.Debug|Any CPU.Build.0 = Debug|Any CPU
		{8E6C7017-C9CC-4751-8989-E9D5C9F45DDB}.Release|Any CPU.ActiveCfg = Release|Any CPU
		{8E6C7017-C9CC-4751-8989-E9D5C9F45DDB}.Release|Any CPU.Build.0 = Release|Any CPU
		{C5E84C80-2B65-47CA-9710-F69EDA1CFC03}.Debug|Any CPU.ActiveCfg = Debug|Any CPU
		{C5E84C80-2B65-47CA-9710-F69EDA1CFC03}.Debug|Any CPU.Build.0 = Debug|Any CPU
		{C5E84C80-2B65-47CA-9710-F69EDA1CFC03}.Release|Any CPU.ActiveCfg = Release|Any CPU
		{C5E84C80-2B65-47CA-9710-F69EDA1CFC03}.Release|Any CPU.Build.0 = Release|Any CPU
		{C4725CE6-B7B7-47B6-A44B-D234686FBEFB}.Debug|Any CPU.ActiveCfg = Debug|Any CPU
		{C4725CE6-B7B7-47B6-A44B-D234686FBEFB}.Debug|Any CPU.Build.0 = Debug|Any CPU
		{C4725CE6-B7B7-47B6-A44B-D234686FBEFB}.Release|Any CPU.ActiveCfg = Release|Any CPU
		{C4725CE6-B7B7-47B6-A44B-D234686FBEFB}.Release|Any CPU.Build.0 = Release|Any CPU
		{CE3EBD8D-51EB-4AC3-98F9-C8FAE7976250}.Debug|Any CPU.ActiveCfg = Debug|Any CPU
		{CE3EBD8D-51EB-4AC3-98F9-C8FAE7976250}.Debug|Any CPU.Build.0 = Debug|Any CPU
		{CE3EBD8D-51EB-4AC3-98F9-C8FAE7976250}.Release|Any CPU.ActiveCfg = Release|Any CPU
		{CE3EBD8D-51EB-4AC3-98F9-C8FAE7976250}.Release|Any CPU.Build.0 = Release|Any CPU
		{C8700187-9B86-4342-AEF5-F2522D2FDF38}.Debug|Any CPU.ActiveCfg = Debug|Any CPU
		{C8700187-9B86-4342-AEF5-F2522D2FDF38}.Debug|Any CPU.Build.0 = Debug|Any CPU
		{C8700187-9B86-4342-AEF5-F2522D2FDF38}.Release|Any CPU.ActiveCfg = Release|Any CPU
		{C8700187-9B86-4342-AEF5-F2522D2FDF38}.Release|Any CPU.Build.0 = Release|Any CPU
		{507F96BB-94A1-4BAC-9F21-C6D961E89C61}.Debug|Any CPU.ActiveCfg = Debug|Any CPU
		{507F96BB-94A1-4BAC-9F21-C6D961E89C61}.Debug|Any CPU.Build.0 = Debug|Any CPU
		{507F96BB-94A1-4BAC-9F21-C6D961E89C61}.Release|Any CPU.ActiveCfg = Release|Any CPU
		{507F96BB-94A1-4BAC-9F21-C6D961E89C61}.Release|Any CPU.Build.0 = Release|Any CPU
	EndGlobalSection
	GlobalSection(SolutionProperties) = preSolution
		HideSolutionNode = FALSE
	EndGlobalSection
	GlobalSection(NestedProjects) = preSolution
		{AED1D8B0-71CE-4CF6-9C0D-FB8AFFA0CA4F} = {E505BBF7-5D68-4B37-82BA-E65C507B1C4A}
		{E19F7F13-6AFF-4DE5-AD5D-BAAA2165732B} = {A27F5A81-B0AA-4B9B-92BB-5B864DD23D39}
		{B87A3CDE-3A39-42F6-A5EB-D1CC91211F0F} = {79AA7DDF-7B2A-4BC3-BFA1-D5EE50DA62DD}
		{0D282D5C-632F-4E87-A038-0E95DDD2376F} = {A27F5A81-B0AA-4B9B-92BB-5B864DD23D39}
		{13D1C512-5935-47C3-BE4D-F8CC8AABC3BE} = {E505BBF7-5D68-4B37-82BA-E65C507B1C4A}
		{8E6C7017-C9CC-4751-8989-E9D5C9F45DDB} = {E505BBF7-5D68-4B37-82BA-E65C507B1C4A}
		{C5E84C80-2B65-47CA-9710-F69EDA1CFC03} = {79AA7DDF-7B2A-4BC3-BFA1-D5EE50DA62DD}
		{C4725CE6-B7B7-47B6-A44B-D234686FBEFB} = {79AA7DDF-7B2A-4BC3-BFA1-D5EE50DA62DD}
		{CE3EBD8D-51EB-4AC3-98F9-C8FAE7976250} = {ACC73F74-0446-4A11-AAA6-0B8EFA5ADFB7}
		{C8700187-9B86-4342-AEF5-F2522D2FDF38} = {79AA7DDF-7B2A-4BC3-BFA1-D5EE50DA62DD}
		{507F96BB-94A1-4BAC-9F21-C6D961E89C61} = {ACC73F74-0446-4A11-AAA6-0B8EFA5ADFB7}
	EndGlobalSection
	GlobalSection(ExtensibilityGlobals) = postSolution
		SolutionGuid = {4B8AD0C2-466D-489E-B824-448C30888D9D}
	EndGlobalSection
EndGlobal
